
Microsoft Visual Studio Solution File, Format Version 12.00
# Visual Studio Version 16
VisualStudioVersion = 16.0.31112.23
MinimumVisualStudioVersion = 10.0.40219.1
Project("{FAE04EC0-301F-11D3-BF4B-00C04F79EFBC}") = "Portfolio_Modul307", "Portfolio_Modul307.csproj", "{78DCFFCE-F5B2-42A3-9FC7-3E10E8285EF7}"
EndProject
Global
	GlobalSection(SolutionConfigurationPlatforms) = preSolution
		Debug|Any CPU = Debug|Any CPU
		Release|Any CPU = Release|Any CPU
	EndGlobalSection
	GlobalSection(ProjectConfigurationPlatforms) = postSolution
		{78DCFFCE-F5B2-42A3-9FC7-3E10E8285EF7}.Debug|Any CPU.ActiveCfg = Debug|Any CPU
		{78DCFFCE-F5B2-42A3-9FC7-3E10E8285EF7}.Debug|Any CPU.Build.0 = Debug|Any CPU
		{78DCFFCE-F5B2-42A3-9FC7-3E10E8285EF7}.Release|Any CPU.ActiveCfg = Release|Any CPU
		{78DCFFCE-F5B2-42A3-9FC7-3E10E8285EF7}.Release|Any CPU.Build.0 = Release|Any CPU
	EndGlobalSection
	GlobalSection(SolutionProperties) = preSolution
		HideSolutionNode = FALSE
	EndGlobalSection
	GlobalSection(ExtensibilityGlobals) = postSolution
		SolutionGuid = {D3663C92-56C2-4AE8-8F4C-F5648CF28CEA}
	EndGlobalSection
EndGlobal
